// !$*UTF8*$!
{
	archiveVersion = 1;
	classes = {
	};
	objectVersion = 42;
	objects = {

/* Begin PBXAggregateTarget section */
		1C0E3A200AE42E6F0052A499 /* libpq - ppc */ = {
			isa = PBXAggregateTarget;
			buildConfigurationList = 1C0E3A270AE42EAB0052A499 /* Build configuration list for PBXAggregateTarget "libpq - ppc" */;
			buildPhases = (
				1C0E3A1F0AE42E6F0052A499 /* ShellScript */,
			);
			dependencies = (
			);
			name = "libpq - ppc";
			productName = "libpq - ppc";
		};
		1C0E3A370AE42ED80052A499 /* libpq - i386 */ = {
			isa = PBXAggregateTarget;
			buildConfigurationList = 1C0E3A400AE42EFB0052A499 /* Build configuration list for PBXAggregateTarget "libpq - i386" */;
			buildPhases = (
				1C0E3A360AE42ED80052A499 /* ShellScript */,
			);
			dependencies = (
			);
			name = "libpq - i386";
			productName = "libpq - i386";
		};
		1C0E3A890AE42F2C0052A499 /* libpq - universal */ = {
			isa = PBXAggregateTarget;
			buildConfigurationList = 1C0E3A920AE42F660052A499 /* Build configuration list for PBXAggregateTarget "libpq - universal" */;
			buildPhases = (
				1C0E3A8E0AE42F3C0052A499 /* ShellScript */,
			);
			dependencies = (
				1C0E3A8B0AE42F310052A499 /* PBXTargetDependency */,
				1C0E3A8D0AE42F310052A499 /* PBXTargetDependency */,
			);
			name = "libpq - universal";
			productName = "libpq - universal";
		};
/* End PBXAggregateTarget section */

/* Begin PBXBuildFile section */
		1C12567B0BF1ED2B00E37144 /* STTPostgreSQLTypesTests.m in Sources */ = {isa = PBXBuildFile; fileRef = 1C12567A0BF1ED2B00E37144 /* STTPostgreSQLTypesTests.m */; };
		1C1CC34F0B087B4F00FE39C4 /* STNPostgreSQLErrorDomain.h in Headers */ = {isa = PBXBuildFile; fileRef = 1C1CC34D0B087B4F00FE39C4 /* STNPostgreSQLErrorDomain.h */; settings = {ATTRIBUTES = (Public, ); }; };
		1C1CC3500B087B4F00FE39C4 /* STNPostgreSQLErrorDomain.m in Sources */ = {isa = PBXBuildFile; fileRef = 1C1CC34E0B087B4F00FE39C4 /* STNPostgreSQLErrorDomain.m */; };
		1C3A35950B4C5E520063ADDC /* STNPostgreSQL.framework in Frameworks */ = {isa = PBXBuildFile; fileRef = 8DC2EF5B0486A6940098B216 /* STNPostgreSQL.framework */; };
		1C3A35A30B4C5EDE0063ADDC /* main.m in Sources */ = {isa = PBXBuildFile; fileRef = 1C3A359C0B4C5E6A0063ADDC /* main.m */; };
		1C4027390CB97B5F000E7C1F /* STNPostgreSQLPreparedStatement.h in Headers */ = {isa = PBXBuildFile; fileRef = 1CB05EBB0CAD7D6800D6C71F /* STNPostgreSQLPreparedStatement.h */; settings = {ATTRIBUTES = (Public, ); }; };
		1C40273A0CB97B5F000E7C1F /* STNPostgreSQLPreparedStatement.m in Sources */ = {isa = PBXBuildFile; fileRef = 1CB05EBC0CAD7D6800D6C71F /* STNPostgreSQLPreparedStatement.m */; };
		1C40FCB30BF7970E00D167A3 /* STNPostgreSQLParameteredStatement.h in Headers */ = {isa = PBXBuildFile; fileRef = 1C40FCB10BF7970E00D167A3 /* STNPostgreSQLParameteredStatement.h */; settings = {ATTRIBUTES = (Public, ); }; };
		1C40FCB40BF7970E00D167A3 /* STNPostgreSQLParameteredStatement.m in Sources */ = {isa = PBXBuildFile; fileRef = 1C40FCB20BF7970E00D167A3 /* STNPostgreSQLParameteredStatement.m */; };
		1C40FCC90BF797A900D167A3 /* STNPostgreSQLStatementParameter.h in Headers */ = {isa = PBXBuildFile; fileRef = 1C40FCC70BF797A900D167A3 /* STNPostgreSQLStatementParameter.h */; settings = {ATTRIBUTES = (Public, ); }; };
		1C40FCCA0BF797A900D167A3 /* STNPostgreSQLStatementParameter.m in Sources */ = {isa = PBXBuildFile; fileRef = 1C40FCC80BF797A900D167A3 /* STNPostgreSQLStatementParameter.m */; };
		1C4E3A6A0BF08FE00075D870 /* STNPostgreSQLTypes.h in Headers */ = {isa = PBXBuildFile; fileRef = 1C4E3A680BF08FE00075D870 /* STNPostgreSQLTypes.h */; settings = {ATTRIBUTES = (Public, ); }; };
		1C4E3A6B0BF08FE00075D870 /* STNPostgreSQLTypes.m in Sources */ = {isa = PBXBuildFile; fileRef = 1C4E3A690BF08FE00075D870 /* STNPostgreSQLTypes.m */; };
		1C50F1810B07B01000780C72 /* STNPostgreSQLConnectionSSLMode.h in Headers */ = {isa = PBXBuildFile; fileRef = 1C4BF73A0AE81AE4004AB36F /* STNPostgreSQLConnectionSSLMode.h */; settings = {ATTRIBUTES = (Public, ); }; };
		1C51DFE40BEA458900B76E62 /* STNPostgreSQLTransaction.h in Headers */ = {isa = PBXBuildFile; fileRef = 1C51DFE20BEA458900B76E62 /* STNPostgreSQLTransaction.h */; settings = {ATTRIBUTES = (Public, ); }; };
		1C51DFE50BEA458900B76E62 /* STNPostgreSQLTransaction.m in Sources */ = {isa = PBXBuildFile; fileRef = 1C51DFE30BEA458900B76E62 /* STNPostgreSQLTransaction.m */; };
		1C51DFF40BEA473D00B76E62 /* STTPostgreSQLResultTests.m in Sources */ = {isa = PBXBuildFile; fileRef = 1C51DFF30BEA473D00B76E62 /* STTPostgreSQLResultTests.m */; };
		1C68C56D0BDBC2DB00791487 /* STTPostgreSQLStatementTests.m in Sources */ = {isa = PBXBuildFile; fileRef = 1C68C56A0BDBC2CC00791487 /* STTPostgreSQLStatementTests.m */; };
		1C771BD60B62C86C003CD21C /* STNPostgreSQL.framework in Frameworks */ = {isa = PBXBuildFile; fileRef = 8DC2EF5B0486A6940098B216 /* STNPostgreSQL.framework */; };
		1C7F03C20BFE1DAE00304272 /* libpq.a in Frameworks */ = {isa = PBXBuildFile; fileRef = 1C7F03C10BFE1DAE00304272 /* libpq.a */; };
		1CA2C7900BFDB60D006F252B /* STTPostgreSQLParameteredStatementTests.m in Sources */ = {isa = PBXBuildFile; fileRef = 1CA2C78F0BFDB60D006F252B /* STTPostgreSQLParameteredStatementTests.m */; };
		1CB3025F0BC0294B005323AE /* STNPostgreSQLStatement.m in Sources */ = {isa = PBXBuildFile; fileRef = 1CB3025D0BC02944005323AE /* STNPostgreSQLStatement.m */; };
		1CB302600BC0294D005323AE /* STNPostgreSQLStatement.h in Headers */ = {isa = PBXBuildFile; fileRef = 1CB3025C0BC02944005323AE /* STNPostgreSQLStatement.h */; settings = {ATTRIBUTES = (Public, ); }; };
		1CBFEC160B790C9A0022E5BA /* STTPostgreSQLConnectionTests.m in Sources */ = {isa = PBXBuildFile; fileRef = 1CBFEC150B790C9A0022E5BA /* STTPostgreSQLConnectionTests.m */; };
		1CD887FD0BE8AFA600526BA7 /* STNPostgreSQLResult.h in Headers */ = {isa = PBXBuildFile; fileRef = 1CD887FB0BE8AFA600526BA7 /* STNPostgreSQLResult.h */; settings = {ATTRIBUTES = (Public, ); }; };
		1CD887FE0BE8AFA700526BA7 /* STNPostgreSQLResult.m in Sources */ = {isa = PBXBuildFile; fileRef = 1CD887FC0BE8AFA600526BA7 /* STNPostgreSQLResult.m */; };
		1CE1D86B0AE4119F00BFBBF3 /* STNPostgreSQL.h in Headers */ = {isa = PBXBuildFile; fileRef = 1CE1D86A0AE4119F00BFBBF3 /* STNPostgreSQL.h */; settings = {ATTRIBUTES = (Public, ); }; };
		1CE4BB370AE409EE00853614 /* STNPostgreSQLConnection.h in Headers */ = {isa = PBXBuildFile; fileRef = 1CE4BB350AE409EE00853614 /* STNPostgreSQLConnection.h */; settings = {ATTRIBUTES = (Public, ); }; };
		1CE4BB380AE409EE00853614 /* STNPostgreSQLConnection.m in Sources */ = {isa = PBXBuildFile; fileRef = 1CE4BB360AE409EE00853614 /* STNPostgreSQLConnection.m */; };
		1CEA80050BD2AED3004D95B2 /* STNPostgreSQLErrorField.h in Headers */ = {isa = PBXBuildFile; fileRef = 1CEA80030BD2AED3004D95B2 /* STNPostgreSQLErrorField.h */; settings = {ATTRIBUTES = (Public, ); }; };
		1CEA80060BD2AED3004D95B2 /* STNPostgreSQLErrorField.m in Sources */ = {isa = PBXBuildFile; fileRef = 1CEA80040BD2AED3004D95B2 /* STNPostgreSQLErrorField.m */; };
		1CF56A630C03804100253D31 /* STTPostgreSQLTransactionTests.m in Sources */ = {isa = PBXBuildFile; fileRef = 1CF56A620C03804100253D31 /* STTPostgreSQLTransactionTests.m */; };
		8DC2EF530486A6940098B216 /* InfoPlist.strings in Resources */ = {isa = PBXBuildFile; fileRef = 089C1666FE841158C02AAC07 /* InfoPlist.strings */; };
		8DC2EF570486A6940098B216 /* Cocoa.framework in Frameworks */ = {isa = PBXBuildFile; fileRef = 1058C7B1FEA5585E11CA2CBB /* Cocoa.framework */; };
/* End PBXBuildFile section */

/* Begin PBXContainerItemProxy section */
		1C0E3A8A0AE42F310052A499 /* PBXContainerItemProxy */ = {
			isa = PBXContainerItemProxy;
			containerPortal = 0867D690FE84028FC02AAC07 /* Project object */;
			proxyType = 1;
			remoteGlobalIDString = 1C0E3A200AE42E6F0052A499;
			remoteInfo = "libpq - ppc";
		};
		1C0E3A8C0AE42F310052A499 /* PBXContainerItemProxy */ = {
			isa = PBXContainerItemProxy;
			containerPortal = 0867D690FE84028FC02AAC07 /* Project object */;
			proxyType = 1;
			remoteGlobalIDString = 1C0E3A370AE42ED80052A499;
			remoteInfo = "libpq - i386";
		};
		1C51E1180BEA537800B76E62 /* PBXContainerItemProxy */ = {
			isa = PBXContainerItemProxy;
			containerPortal = 0867D690FE84028FC02AAC07 /* Project object */;
			proxyType = 1;
			remoteGlobalIDString = 8DC2EF4F0486A6940098B216;
			remoteInfo = STNPostgreSQL;
		};
		1C8130910B627A6B001F2041 /* PBXContainerItemProxy */ = {
			isa = PBXContainerItemProxy;
			containerPortal = 0867D690FE84028FC02AAC07 /* Project object */;
			proxyType = 1;
			remoteGlobalIDString = 8DC2EF4F0486A6940098B216;
			remoteInfo = STNPostgreSQL;
		};
/* End PBXContainerItemProxy section */

/* Begin PBXFileReference section */
		0867D69BFE84028FC02AAC07 /* Foundation.framework */ = {isa = PBXFileReference; lastKnownFileType = wrapper.framework; name = Foundation.framework; path = /System/Library/Frameworks/Foundation.framework; sourceTree = "<absolute>"; };
		0867D6A5FE840307C02AAC07 /* AppKit.framework */ = {isa = PBXFileReference; lastKnownFileType = wrapper.framework; name = AppKit.framework; path = /System/Library/Frameworks/AppKit.framework; sourceTree = "<absolute>"; };
		089C1667FE841158C02AAC07 /* English */ = {isa = PBXFileReference; fileEncoding = 10; lastKnownFileType = text.plist.strings; name = English; path = English.lproj/InfoPlist.strings; sourceTree = "<group>"; };
		1058C7B1FEA5585E11CA2CBB /* Cocoa.framework */ = {isa = PBXFileReference; lastKnownFileType = wrapper.framework; name = Cocoa.framework; path = /System/Library/Frameworks/Cocoa.framework; sourceTree = "<absolute>"; };
		1C1256790BF1ED2B00E37144 /* STTPostgreSQLTypesTests.h */ = {isa = PBXFileReference; fileEncoding = 4; lastKnownFileType = sourcecode.c.h; path = STTPostgreSQLTypesTests.h; sourceTree = "<group>"; };
		1C12567A0BF1ED2B00E37144 /* STTPostgreSQLTypesTests.m */ = {isa = PBXFileReference; fileEncoding = 4; lastKnownFileType = sourcecode.c.objc; path = STTPostgreSQLTypesTests.m; sourceTree = "<group>"; };
		1C1CC34D0B087B4F00FE39C4 /* STNPostgreSQLErrorDomain.h */ = {isa = PBXFileReference; fileEncoding = 4; lastKnownFileType = sourcecode.c.h; path = STNPostgreSQLErrorDomain.h; sourceTree = "<group>"; };
		1C1CC34E0B087B4F00FE39C4 /* STNPostgreSQLErrorDomain.m */ = {isa = PBXFileReference; fileEncoding = 4; lastKnownFileType = sourcecode.c.objc; path = STNPostgreSQLErrorDomain.m; sourceTree = "<group>"; };
		1C3A35930B4C5E410063ADDC /* Playground */ = {isa = PBXFileReference; explicitFileType = "compiled.mach-o.executable"; includeInIndex = 0; path = Playground; sourceTree = BUILT_PRODUCTS_DIR; };
		1C3A359C0B4C5E6A0063ADDC /* main.m */ = {isa = PBXFileReference; fileEncoding = 4; lastKnownFileType = sourcecode.c.objc; path = main.m; sourceTree = "<group>"; };
		1C40FCB10BF7970E00D167A3 /* STNPostgreSQLParameteredStatement.h */ = {isa = PBXFileReference; fileEncoding = 4; lastKnownFileType = sourcecode.c.h; path = STNPostgreSQLParameteredStatement.h; sourceTree = "<group>"; };
		1C40FCB20BF7970E00D167A3 /* STNPostgreSQLParameteredStatement.m */ = {isa = PBXFileReference; fileEncoding = 4; lastKnownFileType = sourcecode.c.objc; path = STNPostgreSQLParameteredStatement.m; sourceTree = "<group>"; };
		1C40FCC70BF797A900D167A3 /* STNPostgreSQLStatementParameter.h */ = {isa = PBXFileReference; fileEncoding = 4; lastKnownFileType = sourcecode.c.h; path = STNPostgreSQLStatementParameter.h; sourceTree = "<group>"; };
		1C40FCC80BF797A900D167A3 /* STNPostgreSQLStatementParameter.m */ = {isa = PBXFileReference; fileEncoding = 4; lastKnownFileType = sourcecode.c.objc; path = STNPostgreSQLStatementParameter.m; sourceTree = "<group>"; };
		1C4BF73A0AE81AE4004AB36F /* STNPostgreSQLConnectionSSLMode.h */ = {isa = PBXFileReference; fileEncoding = 4; lastKnownFileType = sourcecode.c.h; path = STNPostgreSQLConnectionSSLMode.h; sourceTree = "<group>"; };
		1C4E3A680BF08FE00075D870 /* STNPostgreSQLTypes.h */ = {isa = PBXFileReference; fileEncoding = 4; lastKnownFileType = sourcecode.c.h; path = STNPostgreSQLTypes.h; sourceTree = "<group>"; };
		1C4E3A690BF08FE00075D870 /* STNPostgreSQLTypes.m */ = {isa = PBXFileReference; fileEncoding = 4; lastKnownFileType = sourcecode.c.objc; path = STNPostgreSQLTypes.m; sourceTree = "<group>"; };
		1C51DFE20BEA458900B76E62 /* STNPostgreSQLTransaction.h */ = {isa = PBXFileReference; fileEncoding = 4; lastKnownFileType = sourcecode.c.h; path = STNPostgreSQLTransaction.h; sourceTree = "<group>"; };
		1C51DFE30BEA458900B76E62 /* STNPostgreSQLTransaction.m */ = {isa = PBXFileReference; fileEncoding = 4; lastKnownFileType = sourcecode.c.objc; path = STNPostgreSQLTransaction.m; sourceTree = "<group>"; };
		1C51DFF20BEA473D00B76E62 /* STTPostgreSQLResultTests.h */ = {isa = PBXFileReference; fileEncoding = 4; lastKnownFileType = sourcecode.c.h; path = STTPostgreSQLResultTests.h; sourceTree = "<group>"; };
		1C51DFF30BEA473D00B76E62 /* STTPostgreSQLResultTests.m */ = {isa = PBXFileReference; fileEncoding = 4; lastKnownFileType = sourcecode.c.objc; path = STTPostgreSQLResultTests.m; sourceTree = "<group>"; };
		1C68C5690BDBC2CC00791487 /* STTPostgreSQLStatementTests.h */ = {isa = PBXFileReference; fileEncoding = 4; lastKnownFileType = sourcecode.c.h; path = STTPostgreSQLStatementTests.h; sourceTree = "<group>"; };
		1C68C56A0BDBC2CC00791487 /* STTPostgreSQLStatementTests.m */ = {isa = PBXFileReference; fileEncoding = 4; lastKnownFileType = sourcecode.c.objc; path = STTPostgreSQLStatementTests.m; sourceTree = "<group>"; };
		1C771BD00B62C7AF003CD21C /* Unit Tests.octest */ = {isa = PBXFileReference; explicitFileType = wrapper.cfbundle; includeInIndex = 0; path = "Unit Tests.octest"; sourceTree = BUILT_PRODUCTS_DIR; };
		1C771BD10B62C7AF003CD21C /* Unit Tests-Info.plist */ = {isa = PBXFileReference; lastKnownFileType = text.xml; path = "Unit Tests-Info.plist"; sourceTree = "<group>"; };
		1C7F03C10BFE1DAE00304272 /* libpq.a */ = {isa = PBXFileReference; lastKnownFileType = archive.ar; name = libpq.a; path = build/libpq.a; sourceTree = "<group>"; };
		1CA2C78E0BFDB60D006F252B /* STTPostgreSQLParameteredStatementTests.h */ = {isa = PBXFileReference; fileEncoding = 4; lastKnownFileType = sourcecode.c.h; path = STTPostgreSQLParameteredStatementTests.h; sourceTree = "<group>"; };
		1CA2C78F0BFDB60D006F252B /* STTPostgreSQLParameteredStatementTests.m */ = {isa = PBXFileReference; fileEncoding = 4; lastKnownFileType = sourcecode.c.objc; path = STTPostgreSQLParameteredStatementTests.m; sourceTree = "<group>"; };
		1CB05EBB0CAD7D6800D6C71F /* STNPostgreSQLPreparedStatement.h */ = {isa = PBXFileReference; fileEncoding = 4; lastKnownFileType = sourcecode.c.h; path = STNPostgreSQLPreparedStatement.h; sourceTree = "<group>"; };
		1CB05EBC0CAD7D6800D6C71F /* STNPostgreSQLPreparedStatement.m */ = {isa = PBXFileReference; fileEncoding = 4; lastKnownFileType = sourcecode.c.objc; path = STNPostgreSQLPreparedStatement.m; sourceTree = "<group>"; };
		1CB3025C0BC02944005323AE /* STNPostgreSQLStatement.h */ = {isa = PBXFileReference; fileEncoding = 4; lastKnownFileType = sourcecode.c.h; path = STNPostgreSQLStatement.h; sourceTree = "<group>"; };
		1CB3025D0BC02944005323AE /* STNPostgreSQLStatement.m */ = {isa = PBXFileReference; fileEncoding = 4; lastKnownFileType = sourcecode.c.objc; path = STNPostgreSQLStatement.m; sourceTree = "<group>"; };
		1CBFEC150B790C9A0022E5BA /* STTPostgreSQLConnectionTests.m */ = {isa = PBXFileReference; fileEncoding = 4; lastKnownFileType = sourcecode.c.objc; path = STTPostgreSQLConnectionTests.m; sourceTree = "<group>"; };
		1CBFEDFC0B791FF00022E5BA /* STTPostgreSQLConnectionTests.h */ = {isa = PBXFileReference; fileEncoding = 4; lastKnownFileType = sourcecode.c.h; path = STTPostgreSQLConnectionTests.h; sourceTree = "<group>"; };
		1CD887FB0BE8AFA600526BA7 /* STNPostgreSQLResult.h */ = {isa = PBXFileReference; fileEncoding = 4; lastKnownFileType = sourcecode.c.h; path = STNPostgreSQLResult.h; sourceTree = "<group>"; };
		1CD887FC0BE8AFA600526BA7 /* STNPostgreSQLResult.m */ = {isa = PBXFileReference; fileEncoding = 4; lastKnownFileType = sourcecode.c.objc; path = STNPostgreSQLResult.m; sourceTree = "<group>"; };
		1CE1D86A0AE4119F00BFBBF3 /* STNPostgreSQL.h */ = {isa = PBXFileReference; fileEncoding = 4; lastKnownFileType = sourcecode.c.h; path = STNPostgreSQL.h; sourceTree = "<group>"; };
		1CE4BB320AE4095300853614 /* framework.xcclassmodel */ = {isa = PBXFileReference; lastKnownFileType = wrapper.xcclassmodel; path = framework.xcclassmodel; sourceTree = "<group>"; };
		1CE4BB350AE409EE00853614 /* STNPostgreSQLConnection.h */ = {isa = PBXFileReference; fileEncoding = 4; lastKnownFileType = sourcecode.c.h; path = STNPostgreSQLConnection.h; sourceTree = "<group>"; };
		1CE4BB360AE409EE00853614 /* STNPostgreSQLConnection.m */ = {isa = PBXFileReference; fileEncoding = 4; indentWidth = 4; lastKnownFileType = sourcecode.c.objc; path = STNPostgreSQLConnection.m; sourceTree = "<group>"; tabWidth = 4; usesTabs = 0; };
		1CEA80030BD2AED3004D95B2 /* STNPostgreSQLErrorField.h */ = {isa = PBXFileReference; fileEncoding = 4; lastKnownFileType = sourcecode.c.h; path = STNPostgreSQLErrorField.h; sourceTree = "<group>"; };
		1CEA80040BD2AED3004D95B2 /* STNPostgreSQLErrorField.m */ = {isa = PBXFileReference; fileEncoding = 4; lastKnownFileType = sourcecode.c.objc; path = STNPostgreSQLErrorField.m; sourceTree = "<group>"; };
		1CED18470C04BA3000CBB673 /* create_unittest_table.sql */ = {isa = PBXFileReference; fileEncoding = 30; lastKnownFileType = text; path = create_unittest_table.sql; sourceTree = "<group>"; };
		1CED19240C04C45E00CBB673 /* PostgreSQL_COPYRIGHT */ = {isa = PBXFileReference; fileEncoding = 30; lastKnownFileType = text; path = PostgreSQL_COPYRIGHT; sourceTree = "<group>"; };
		1CF56A610C03804100253D31 /* STTPostgreSQLTransactionTests.h */ = {isa = PBXFileReference; fileEncoding = 4; lastKnownFileType = sourcecode.c.h; path = STTPostgreSQLTransactionTests.h; sourceTree = "<group>"; };
		1CF56A620C03804100253D31 /* STTPostgreSQLTransactionTests.m */ = {isa = PBXFileReference; fileEncoding = 4; lastKnownFileType = sourcecode.c.objc; path = STTPostgreSQLTransactionTests.m; sourceTree = "<group>"; };
		32DBCF5E0370ADEE00C91783 /* STNPostgreSQL_Prefix.pch */ = {isa = PBXFileReference; fileEncoding = 4; lastKnownFileType = sourcecode.c.h; path = STNPostgreSQL_Prefix.pch; sourceTree = "<group>"; };
		8DC2EF5A0486A6940098B216 /* Info.plist */ = {isa = PBXFileReference; fileEncoding = 4; lastKnownFileType = text.plist; path = Info.plist; sourceTree = "<group>"; };
		8DC2EF5B0486A6940098B216 /* STNPostgreSQL.framework */ = {isa = PBXFileReference; explicitFileType = wrapper.framework; includeInIndex = 0; path = STNPostgreSQL.framework; sourceTree = BUILT_PRODUCTS_DIR; };
		D2F7E79907B2D74100F64583 /* CoreData.framework */ = {isa = PBXFileReference; lastKnownFileType = wrapper.framework; name = CoreData.framework; path = /System/Library/Frameworks/CoreData.framework; sourceTree = "<absolute>"; };
/* End PBXFileReference section */

/* Begin PBXFrameworksBuildPhase section */
		1C3A35910B4C5E410063ADDC /* Frameworks */ = {
			isa = PBXFrameworksBuildPhase;
			buildActionMask = 2147483647;
			files = (
				1C3A35950B4C5E520063ADDC /* STNPostgreSQL.framework in Frameworks */,
			);
			runOnlyForDeploymentPostprocessing = 0;
		};
		1C771BCD0B62C7AF003CD21C /* Frameworks */ = {
			isa = PBXFrameworksBuildPhase;
			buildActionMask = 2147483647;
			files = (
				1C771BD60B62C86C003CD21C /* STNPostgreSQL.framework in Frameworks */,
			);
			runOnlyForDeploymentPostprocessing = 0;
		};
		8DC2EF560486A6940098B216 /* Frameworks */ = {
			isa = PBXFrameworksBuildPhase;
			buildActionMask = 2147483647;
			files = (
				8DC2EF570486A6940098B216 /* Cocoa.framework in Frameworks */,
				1C7F03C20BFE1DAE00304272 /* libpq.a in Frameworks */,
			);
			runOnlyForDeploymentPostprocessing = 0;
		};
/* End PBXFrameworksBuildPhase section */

/* Begin PBXGroup section */
		034768DFFF38A50411DB9C8B /* Products */ = {
			isa = PBXGroup;
			children = (
				8DC2EF5B0486A6940098B216 /* STNPostgreSQL.framework */,
				1C3A35930B4C5E410063ADDC /* Playground */,
				1C771BD00B62C7AF003CD21C /* Unit Tests.octest */,
			);
			name = Products;
			sourceTree = "<group>";
		};
		0867D691FE84028FC02AAC07 /* STNPostgreSQL */ = {
			isa = PBXGroup;
			children = (
				08FB77AEFE84172EC02AAC07 /* Classes */,
				1C771C070B62C9F3003CD21C /* Test case classes */,
				32C88DFF0371C24200C91783 /* Other Sources */,
				089C1665FE841158C02AAC07 /* Resources */,
				0867D69AFE84028FC02AAC07 /* External Frameworks and Libraries */,
				034768DFFF38A50411DB9C8B /* Products */,
			);
			name = STNPostgreSQL;
			sourceTree = "<group>";
		};
		0867D69AFE84028FC02AAC07 /* External Frameworks and Libraries */ = {
			isa = PBXGroup;
			children = (
				1058C7B0FEA5585E11CA2CBB /* Linked Frameworks */,
				1058C7B2FEA5585E11CA2CBB /* Other Frameworks */,
			);
			name = "External Frameworks and Libraries";
			sourceTree = "<group>";
		};
		089C1665FE841158C02AAC07 /* Resources */ = {
			isa = PBXGroup;
			children = (
				1CED19240C04C45E00CBB673 /* PostgreSQL_COPYRIGHT */,
				1CED18470C04BA3000CBB673 /* create_unittest_table.sql */,
				8DC2EF5A0486A6940098B216 /* Info.plist */,
				089C1666FE841158C02AAC07 /* InfoPlist.strings */,
				1CE4BB320AE4095300853614 /* framework.xcclassmodel */,
				1C771BD10B62C7AF003CD21C /* Unit Tests-Info.plist */,
			);
			name = Resources;
			sourceTree = "<group>";
		};
		08FB77AEFE84172EC02AAC07 /* Classes */ = {
			isa = PBXGroup;
			children = (
				1CE4BB350AE409EE00853614 /* STNPostgreSQLConnection.h */,
				1CE4BB360AE409EE00853614 /* STNPostgreSQLConnection.m */,
				1C1CC34D0B087B4F00FE39C4 /* STNPostgreSQLErrorDomain.h */,
				1C1CC34E0B087B4F00FE39C4 /* STNPostgreSQLErrorDomain.m */,
				1CB3025C0BC02944005323AE /* STNPostgreSQLStatement.h */,
				1CB3025D0BC02944005323AE /* STNPostgreSQLStatement.m */,
				1CEA80030BD2AED3004D95B2 /* STNPostgreSQLErrorField.h */,
				1CEA80040BD2AED3004D95B2 /* STNPostgreSQLErrorField.m */,
				1CD887FB0BE8AFA600526BA7 /* STNPostgreSQLResult.h */,
				1CD887FC0BE8AFA600526BA7 /* STNPostgreSQLResult.m */,
				1C51DFE20BEA458900B76E62 /* STNPostgreSQLTransaction.h */,
				1C51DFE30BEA458900B76E62 /* STNPostgreSQLTransaction.m */,
				1C4E3A680BF08FE00075D870 /* STNPostgreSQLTypes.h */,
				1C4E3A690BF08FE00075D870 /* STNPostgreSQLTypes.m */,
				1C40FCB10BF7970E00D167A3 /* STNPostgreSQLParameteredStatement.h */,
				1C40FCB20BF7970E00D167A3 /* STNPostgreSQLParameteredStatement.m */,
				1C40FCC70BF797A900D167A3 /* STNPostgreSQLStatementParameter.h */,
				1C40FCC80BF797A900D167A3 /* STNPostgreSQLStatementParameter.m */,
				1CB05EBB0CAD7D6800D6C71F /* STNPostgreSQLPreparedStatement.h */,
				1CB05EBC0CAD7D6800D6C71F /* STNPostgreSQLPreparedStatement.m */,
			);
			name = Classes;
			sourceTree = "<group>";
		};
		1058C7B0FEA5585E11CA2CBB /* Linked Frameworks */ = {
			isa = PBXGroup;
			children = (
				1C7F03C10BFE1DAE00304272 /* libpq.a */,
				1058C7B1FEA5585E11CA2CBB /* Cocoa.framework */,
			);
			name = "Linked Frameworks";
			sourceTree = "<group>";
		};
		1058C7B2FEA5585E11CA2CBB /* Other Frameworks */ = {
			isa = PBXGroup;
			children = (
				0867D6A5FE840307C02AAC07 /* AppKit.framework */,
				D2F7E79907B2D74100F64583 /* CoreData.framework */,
				0867D69BFE84028FC02AAC07 /* Foundation.framework */,
			);
			name = "Other Frameworks";
			sourceTree = "<group>";
		};
		1C3A34CA0B4C4EE90063ADDC /* Playground files */ = {
			isa = PBXGroup;
			children = (
				1C3A359C0B4C5E6A0063ADDC /* main.m */,
			);
			name = "Playground files";
			sourceTree = "<group>";
		};
		1C771C070B62C9F3003CD21C /* Test case classes */ = {
			isa = PBXGroup;
			children = (
				1CBFEDFC0B791FF00022E5BA /* STTPostgreSQLConnectionTests.h */,
				1CBFEC150B790C9A0022E5BA /* STTPostgreSQLConnectionTests.m */,
				1C68C5690BDBC2CC00791487 /* STTPostgreSQLStatementTests.h */,
				1C68C56A0BDBC2CC00791487 /* STTPostgreSQLStatementTests.m */,
				1C51DFF20BEA473D00B76E62 /* STTPostgreSQLResultTests.h */,
				1C51DFF30BEA473D00B76E62 /* STTPostgreSQLResultTests.m */,
				1C1256790BF1ED2B00E37144 /* STTPostgreSQLTypesTests.h */,
				1C12567A0BF1ED2B00E37144 /* STTPostgreSQLTypesTests.m */,
				1CA2C78E0BFDB60D006F252B /* STTPostgreSQLParameteredStatementTests.h */,
				1CA2C78F0BFDB60D006F252B /* STTPostgreSQLParameteredStatementTests.m */,
				1CF56A610C03804100253D31 /* STTPostgreSQLTransactionTests.h */,
				1CF56A620C03804100253D31 /* STTPostgreSQLTransactionTests.m */,
			);
			name = "Test case classes";
			sourceTree = "<group>";
		};
		32C88DFF0371C24200C91783 /* Other Sources */ = {
			isa = PBXGroup;
			children = (
				1C3A34CA0B4C4EE90063ADDC /* Playground files */,
				32DBCF5E0370ADEE00C91783 /* STNPostgreSQL_Prefix.pch */,
				1CE1D86A0AE4119F00BFBBF3 /* STNPostgreSQL.h */,
				1C4BF73A0AE81AE4004AB36F /* STNPostgreSQLConnectionSSLMode.h */,
			);
			name = "Other Sources";
			sourceTree = "<group>";
		};
/* End PBXGroup section */

/* Begin PBXHeadersBuildPhase section */
		8DC2EF500486A6940098B216 /* Headers */ = {
			isa = PBXHeadersBuildPhase;
			buildActionMask = 2147483647;
			files = (
				1CE4BB370AE409EE00853614 /* STNPostgreSQLConnection.h in Headers */,
				1CE1D86B0AE4119F00BFBBF3 /* STNPostgreSQL.h in Headers */,
				1C50F1810B07B01000780C72 /* STNPostgreSQLConnectionSSLMode.h in Headers */,
				1C1CC34F0B087B4F00FE39C4 /* STNPostgreSQLErrorDomain.h in Headers */,
				1CB302600BC0294D005323AE /* STNPostgreSQLStatement.h in Headers */,
				1CEA80050BD2AED3004D95B2 /* STNPostgreSQLErrorField.h in Headers */,
				1CD887FD0BE8AFA600526BA7 /* STNPostgreSQLResult.h in Headers */,
				1C51DFE40BEA458900B76E62 /* STNPostgreSQLTransaction.h in Headers */,
				1C4E3A6A0BF08FE00075D870 /* STNPostgreSQLTypes.h in Headers */,
				1C40FCB30BF7970E00D167A3 /* STNPostgreSQLParameteredStatement.h in Headers */,
				1C40FCC90BF797A900D167A3 /* STNPostgreSQLStatementParameter.h in Headers */,
				1C4027390CB97B5F000E7C1F /* STNPostgreSQLPreparedStatement.h in Headers */,
			);
			runOnlyForDeploymentPostprocessing = 0;
		};
/* End PBXHeadersBuildPhase section */

/* Begin PBXNativeTarget section */
		1C3A35920B4C5E410063ADDC /* Playground */ = {
			isa = PBXNativeTarget;
			buildConfigurationList = 1C3A35990B4C5E590063ADDC /* Build configuration list for PBXNativeTarget "Playground" */;
			buildPhases = (
				1C3A35900B4C5E410063ADDC /* Sources */,
				1C3A35910B4C5E410063ADDC /* Frameworks */,
			);
			buildRules = (
			);
			dependencies = (
				1C8130920B627A6B001F2041 /* PBXTargetDependency */,
			);
			name = Playground;
			productName = Playground;
			productReference = 1C3A35930B4C5E410063ADDC /* Playground */;
			productType = "com.apple.product-type.tool";
		};
		1C771BCF0B62C7AF003CD21C /* Unit Tests */ = {
			isa = PBXNativeTarget;
			buildConfigurationList = 1C771BD20B62C7B0003CD21C /* Build configuration list for PBXNativeTarget "Unit Tests" */;
			buildPhases = (
				1C771BCB0B62C7AF003CD21C /* Resources */,
				1C771BCC0B62C7AF003CD21C /* Sources */,
				1C771BCD0B62C7AF003CD21C /* Frameworks */,
				1C771BCE0B62C7AF003CD21C /* ShellScript */,
			);
			buildRules = (
			);
			dependencies = (
				1C51E1190BEA537800B76E62 /* PBXTargetDependency */,
			);
			name = "Unit Tests";
			productName = "Unit Tests";
			productReference = 1C771BD00B62C7AF003CD21C /* Unit Tests.octest */;
			productType = "com.apple.product-type.bundle";
		};
		8DC2EF4F0486A6940098B216 /* STNPostgreSQL */ = {
			isa = PBXNativeTarget;
			buildConfigurationList = 1DEB91AD08733DA50010E9CD /* Build configuration list for PBXNativeTarget "STNPostgreSQL" */;
			buildPhases = (
				8DC2EF500486A6940098B216 /* Headers */,
				8DC2EF520486A6940098B216 /* Resources */,
				8DC2EF540486A6940098B216 /* Sources */,
				8DC2EF560486A6940098B216 /* Frameworks */,
				1CED17BE0C04B13700CBB673 /* Copy libpq Headers */,
			);
			buildRules = (
			);
			dependencies = (
			);
			name = STNPostgreSQL;
			productInstallPath = "$(HOME)/Library/Frameworks";
			productName = STNPostgreSQL;
			productReference = 8DC2EF5B0486A6940098B216 /* STNPostgreSQL.framework */;
			productType = "com.apple.product-type.framework";
		};
/* End PBXNativeTarget section */

/* Begin PBXProject section */
		0867D690FE84028FC02AAC07 /* Project object */ = {
			isa = PBXProject;
			buildConfigurationList = 1DEB91B108733DA50010E9CD /* Build configuration list for PBXProject "STNPostgreSQL" */;
			hasScannedForEncodings = 1;
			mainGroup = 0867D691FE84028FC02AAC07 /* STNPostgreSQL */;
			productRefGroup = 034768DFFF38A50411DB9C8B /* Products */;
			projectDirPath = "";
			projectRoot = "";
			targets = (
				8DC2EF4F0486A6940098B216 /* STNPostgreSQL */,
				1C0E3A200AE42E6F0052A499 /* libpq - ppc */,
				1C0E3A370AE42ED80052A499 /* libpq - i386 */,
				1C0E3A890AE42F2C0052A499 /* libpq - universal */,
				1C3A35920B4C5E410063ADDC /* Playground */,
				1C771BCF0B62C7AF003CD21C /* Unit Tests */,
			);
		};
/* End PBXProject section */

/* Begin PBXResourcesBuildPhase section */
		1C771BCB0B62C7AF003CD21C /* Resources */ = {
			isa = PBXResourcesBuildPhase;
			buildActionMask = 2147483647;
			files = (
			);
			runOnlyForDeploymentPostprocessing = 0;
		};
		8DC2EF520486A6940098B216 /* Resources */ = {
			isa = PBXResourcesBuildPhase;
			buildActionMask = 2147483647;
			files = (
				8DC2EF530486A6940098B216 /* InfoPlist.strings in Resources */,
			);
			runOnlyForDeploymentPostprocessing = 0;
		};
/* End PBXResourcesBuildPhase section */

/* Begin PBXShellScriptBuildPhase section */
		1C0E3A1F0AE42E6F0052A499 /* ShellScript */ = {
			isa = PBXShellScriptBuildPhase;
			buildActionMask = 2147483647;
			files = (
			);
			inputPaths = (
			);
			outputPaths = (
			);
			runOnlyForDeploymentPostprocessing = 0;
			shellPath = /bin/sh;
			shellScript = "cd $POSTGRESQL_SRC_DIR\nBUILD_ARCH=build/ppc\nrm -rf $BUILD_ARCH\nmkdir -p $BUILD_ARCH\nmake clean\n./configure --target=ppc --host=ppc-apple-darwin8 --build=ppc-apple-darwin8 --without-readline --without-zlib --disable-shared CFLAGS=\"-mmacosx-version-min=10.4\"\ncd src/interfaces/libpq\nmake \"CC=cc -arch ppc\"\nmv *.a \"$POSTGRESQL_SRC_DIR/$BUILD_ARCH\"\necho \"Done!\"\nexit 0";
		};
		1C0E3A360AE42ED80052A499 /* ShellScript */ = {
			isa = PBXShellScriptBuildPhase;
			buildActionMask = 2147483647;
			files = (
			);
			inputPaths = (
			);
			outputPaths = (
			);
			runOnlyForDeploymentPostprocessing = 0;
			shellPath = /bin/sh;
			shellScript = "cd $POSTGRESQL_SRC_DIR\nBUILD_ARCH=build/i386\nrm -rf $BUILD_ARCH\nmkdir -p $BUILD_ARCH\nmake clean\n./configure --target=i386 --host=i686-apple-darwin8 --build=i686-apple-darwin8 --without-readline --without-zlib --disable-shared CFLAGS=\"-mmacosx-version-min=10.4\"\ncd src/interfaces/libpq\nmake \"CC=cc -arch i386\"\nmv *.a \"$POSTGRESQL_SRC_DIR/$BUILD_ARCH\"\necho \"Done!\"\nexit 0";
		};
		1C0E3A8E0AE42F3C0052A499 /* ShellScript */ = {
			isa = PBXShellScriptBuildPhase;
			buildActionMask = 2147483647;
			files = (
			);
			inputPaths = (
			);
			outputPaths = (
			);
			runOnlyForDeploymentPostprocessing = 0;
			shellPath = /bin/sh;
			shellScript = "cd $POSTGRESQL_SRC_DIR\nLIBDIR=build\nmkdir -p \"$CONFIGURATION_BUILD_DIR\"\nlipo -create $LIBDIR/*/libpq.a -output \"$CONFIGURATION_BUILD_DIR/../libpq.a\"\nexit $?";
		};
		1C771BCE0B62C7AF003CD21C /* ShellScript */ = {
			isa = PBXShellScriptBuildPhase;
			buildActionMask = 2147483647;
			files = (
			);
			inputPaths = (
			);
			outputPaths = (
			);
			runOnlyForDeploymentPostprocessing = 0;
			shellPath = /bin/sh;
			shellScript = "# Run the unit tests in this test bundle.\n\"${SYSTEM_DEVELOPER_DIR}/Tools/RunUnitTests\"\n";
		};
		1CED17BE0C04B13700CBB673 /* Copy libpq Headers */ = {
			isa = PBXShellScriptBuildPhase;
			buildActionMask = 2147483647;
			files = (
			);
			inputPaths = (
			);
			name = "Copy libpq Headers";
			outputPaths = (
			);
			runOnlyForDeploymentPostprocessing = 0;
			shellPath = /bin/sh;
			shellScript = "cp \"$POSTGRESQL_SRC_DIR/src/include/postgres_ext.h\" \"$CONFIGURATION_BUILD_DIR/$PUBLIC_HEADERS_FOLDER_PATH\"\ncp \"$POSTGRESQL_SRC_DIR/src/interfaces/libpq/libpq-fe.h\" \"$CONFIGURATION_BUILD_DIR/$PUBLIC_HEADERS_FOLDER_PATH\"";
		};
/* End PBXShellScriptBuildPhase section */

/* Begin PBXSourcesBuildPhase section */
		1C3A35900B4C5E410063ADDC /* Sources */ = {
			isa = PBXSourcesBuildPhase;
			buildActionMask = 2147483647;
			files = (
				1C3A35A30B4C5EDE0063ADDC /* main.m in Sources */,
			);
			runOnlyForDeploymentPostprocessing = 0;
		};
		1C771BCC0B62C7AF003CD21C /* Sources */ = {
			isa = PBXSourcesBuildPhase;
			buildActionMask = 2147483647;
			files = (
				1CBFEC160B790C9A0022E5BA /* STTPostgreSQLConnectionTests.m in Sources */,
				1C68C56D0BDBC2DB00791487 /* STTPostgreSQLStatementTests.m in Sources */,
				1C51DFF40BEA473D00B76E62 /* STTPostgreSQLResultTests.m in Sources */,
				1C12567B0BF1ED2B00E37144 /* STTPostgreSQLTypesTests.m in Sources */,
				1CA2C7900BFDB60D006F252B /* STTPostgreSQLParameteredStatementTests.m in Sources */,
				1CF56A630C03804100253D31 /* STTPostgreSQLTransactionTests.m in Sources */,
			);
			runOnlyForDeploymentPostprocessing = 0;
		};
		8DC2EF540486A6940098B216 /* Sources */ = {
			isa = PBXSourcesBuildPhase;
			buildActionMask = 2147483647;
			files = (
				1CE4BB380AE409EE00853614 /* STNPostgreSQLConnection.m in Sources */,
				1C1CC3500B087B4F00FE39C4 /* STNPostgreSQLErrorDomain.m in Sources */,
				1CB3025F0BC0294B005323AE /* STNPostgreSQLStatement.m in Sources */,
				1CEA80060BD2AED3004D95B2 /* STNPostgreSQLErrorField.m in Sources */,
				1CD887FE0BE8AFA700526BA7 /* STNPostgreSQLResult.m in Sources */,
				1C51DFE50BEA458900B76E62 /* STNPostgreSQLTransaction.m in Sources */,
				1C4E3A6B0BF08FE00075D870 /* STNPostgreSQLTypes.m in Sources */,
				1C40FCB40BF7970E00D167A3 /* STNPostgreSQLParameteredStatement.m in Sources */,
				1C40FCCA0BF797A900D167A3 /* STNPostgreSQLStatementParameter.m in Sources */,
				1C40273A0CB97B5F000E7C1F /* STNPostgreSQLPreparedStatement.m in Sources */,
			);
			runOnlyForDeploymentPostprocessing = 0;
		};
/* End PBXSourcesBuildPhase section */

/* Begin PBXTargetDependency section */
		1C0E3A8B0AE42F310052A499 /* PBXTargetDependency */ = {
			isa = PBXTargetDependency;
			target = 1C0E3A200AE42E6F0052A499 /* libpq - ppc */;
			targetProxy = 1C0E3A8A0AE42F310052A499 /* PBXContainerItemProxy */;
		};
		1C0E3A8D0AE42F310052A499 /* PBXTargetDependency */ = {
			isa = PBXTargetDependency;
			target = 1C0E3A370AE42ED80052A499 /* libpq - i386 */;
			targetProxy = 1C0E3A8C0AE42F310052A499 /* PBXContainerItemProxy */;
		};
		1C51E1190BEA537800B76E62 /* PBXTargetDependency */ = {
			isa = PBXTargetDependency;
			target = 8DC2EF4F0486A6940098B216 /* STNPostgreSQL */;
			targetProxy = 1C51E1180BEA537800B76E62 /* PBXContainerItemProxy */;
		};
		1C8130920B627A6B001F2041 /* PBXTargetDependency */ = {
			isa = PBXTargetDependency;
			target = 8DC2EF4F0486A6940098B216 /* STNPostgreSQL */;
			targetProxy = 1C8130910B627A6B001F2041 /* PBXContainerItemProxy */;
		};
/* End PBXTargetDependency section */

/* Begin PBXVariantGroup section */
		089C1666FE841158C02AAC07 /* InfoPlist.strings */ = {
			isa = PBXVariantGroup;
			children = (
				089C1667FE841158C02AAC07 /* English */,
			);
			name = InfoPlist.strings;
			sourceTree = "<group>";
		};
/* End PBXVariantGroup section */

/* Begin XCBuildConfiguration section */
		1C0E3A280AE42EAB0052A499 /* Debug */ = {
			isa = XCBuildConfiguration;
			buildSettings = {
				COPY_PHASE_STRIP = NO;
				GCC_DYNAMIC_NO_PIC = NO;
				GCC_GENERATE_DEBUGGING_SYMBOLS = YES;
				GCC_OPTIMIZATION_LEVEL = 0;
				PRODUCT_NAME = "libpq - ppc";
			};
			name = Debug;
		};
		1C0E3A290AE42EAB0052A499 /* Release */ = {
			isa = XCBuildConfiguration;
			buildSettings = {
				COPY_PHASE_STRIP = YES;
				GCC_ENABLE_FIX_AND_CONTINUE = NO;
				GCC_GENERATE_DEBUGGING_SYMBOLS = NO;
				PRODUCT_NAME = "libpq - ppc";
				ZERO_LINK = NO;
			};
			name = Release;
		};
		1C0E3A410AE42EFB0052A499 /* Debug */ = {
			isa = XCBuildConfiguration;
			buildSettings = {
				COPY_PHASE_STRIP = NO;
				GCC_DYNAMIC_NO_PIC = NO;
				GCC_GENERATE_DEBUGGING_SYMBOLS = YES;
				GCC_OPTIMIZATION_LEVEL = 0;
				PRODUCT_NAME = "libpq - i386";
			};
			name = Debug;
		};
		1C0E3A420AE42EFB0052A499 /* Release */ = {
			isa = XCBuildConfiguration;
			buildSettings = {
				COPY_PHASE_STRIP = YES;
				GCC_ENABLE_FIX_AND_CONTINUE = NO;
				GCC_GENERATE_DEBUGGING_SYMBOLS = NO;
				PRODUCT_NAME = "libpq - i386";
				ZERO_LINK = NO;
			};
			name = Release;
		};
		1C0E3A930AE42F660052A499 /* Debug */ = {
			isa = XCBuildConfiguration;
			buildSettings = {
				COPY_PHASE_STRIP = NO;
				GCC_DYNAMIC_NO_PIC = NO;
				GCC_GENERATE_DEBUGGING_SYMBOLS = YES;
				GCC_OPTIMIZATION_LEVEL = 0;
				PRODUCT_NAME = "libpq - universal";
			};
			name = Debug;
		};
		1C0E3A940AE42F660052A499 /* Release */ = {
			isa = XCBuildConfiguration;
			buildSettings = {
				COPY_PHASE_STRIP = YES;
				GCC_ENABLE_FIX_AND_CONTINUE = NO;
				GCC_GENERATE_DEBUGGING_SYMBOLS = NO;
				PRODUCT_NAME = "libpq - universal";
				ZERO_LINK = NO;
			};
			name = Release;
		};
		1C3A359A0B4C5E590063ADDC /* Debug */ = {
			isa = XCBuildConfiguration;
			buildSettings = {
				COPY_PHASE_STRIP = NO;
				GCC_DYNAMIC_NO_PIC = NO;
				GCC_ENABLE_FIX_AND_CONTINUE = YES;
				GCC_GENERATE_DEBUGGING_SYMBOLS = YES;
				GCC_MODEL_TUNING = G5;
				GCC_OPTIMIZATION_LEVEL = 0;
				GCC_PRECOMPILE_PREFIX_HEADER = YES;
				GCC_PREFIX_HEADER = "$(SYSTEM_LIBRARY_DIR)/Frameworks/AppKit.framework/Headers/AppKit.h";
				GCC_PREPROCESSOR_DEFINITIONS = "MY_DEBUG_FLAG=1";
				INSTALL_PATH = "$(HOME)/bin";
				MY_DEBUG_FLAG = 1;
				OTHER_LDFLAGS = (
					"-framework",
					Foundation,
					"-framework",
					AppKit,
				);
				PREBINDING = NO;
				PRODUCT_NAME = Playground;
				ZERO_LINK = YES;
			};
			name = Debug;
		};
		1C3A359B0B4C5E590063ADDC /* Release */ = {
			isa = XCBuildConfiguration;
			buildSettings = {
				COPY_PHASE_STRIP = YES;
				GCC_ENABLE_FIX_AND_CONTINUE = NO;
				GCC_GENERATE_DEBUGGING_SYMBOLS = NO;
				GCC_MODEL_TUNING = G5;
				GCC_PRECOMPILE_PREFIX_HEADER = YES;
				GCC_PREFIX_HEADER = "$(SYSTEM_LIBRARY_DIR)/Frameworks/AppKit.framework/Headers/AppKit.h";
				GCC_PREPROCESSOR_DEFINITIONS = "MY_DEBUG_FLAG=1";
				INSTALL_PATH = "$(HOME)/bin";
				MY_DEBUG_FLAG = 1;
				OTHER_LDFLAGS = (
					"-framework",
					Foundation,
					"-framework",
					AppKit,
				);
				PREBINDING = NO;
				PRODUCT_NAME = Playground;
				ZERO_LINK = NO;
			};
			name = Release;
		};
		1C771BD30B62C7B0003CD21C /* Debug */ = {
			isa = XCBuildConfiguration;
			buildSettings = {
				COPY_PHASE_STRIP = NO;
				GCC_DYNAMIC_NO_PIC = NO;
				GCC_ENABLE_FIX_AND_CONTINUE = NO;
				GCC_ENABLE_OBJC_EXCEPTIONS = YES;
				GCC_GENERATE_DEBUGGING_SYMBOLS = YES;
				GCC_MODEL_TUNING = G5;
				GCC_OPTIMIZATION_LEVEL = 0;
				GCC_PRECOMPILE_PREFIX_HEADER = YES;
				GCC_PREFIX_HEADER = "$(SYSTEM_LIBRARY_DIR)/Frameworks/Cocoa.framework/Headers/Cocoa.h";
				INFOPLIST_FILE = "Unit Tests-Info.plist";
				INSTALL_PATH = "$(USER_LIBRARY_DIR)/Bundles";
				OTHER_LDFLAGS = (
					"-framework",
					Cocoa,
					"-framework",
					SenTestingKit,
				);
				PREBINDING = NO;
				PRODUCT_NAME = "Unit Tests";
				WRAPPER_EXTENSION = octest;
				ZERO_LINK = NO;
			};
			name = Debug;
		};
		1C771BD40B62C7B0003CD21C /* Release */ = {
			isa = XCBuildConfiguration;
			buildSettings = {
				COPY_PHASE_STRIP = YES;
				GCC_ENABLE_FIX_AND_CONTINUE = NO;
				GCC_ENABLE_OBJC_EXCEPTIONS = YES;
				GCC_GENERATE_DEBUGGING_SYMBOLS = NO;
				GCC_MODEL_TUNING = G5;
				GCC_PRECOMPILE_PREFIX_HEADER = YES;
				GCC_PREFIX_HEADER = "$(SYSTEM_LIBRARY_DIR)/Frameworks/Cocoa.framework/Headers/Cocoa.h";
				INFOPLIST_FILE = "Unit Tests-Info.plist";
				INSTALL_PATH = "$(USER_LIBRARY_DIR)/Bundles";
				OTHER_LDFLAGS = (
					"-framework",
					Cocoa,
					"-framework",
					SenTestingKit,
				);
				PREBINDING = NO;
				PRODUCT_NAME = "Unit Tests";
				WRAPPER_EXTENSION = octest;
				ZERO_LINK = NO;
			};
			name = Release;
		};
		1DEB91AE08733DA50010E9CD /* Debug */ = {
			isa = XCBuildConfiguration;
			buildSettings = {
				COPY_PHASE_STRIP = NO;
				DYLIB_COMPATIBILITY_VERSION = 1;
				DYLIB_CURRENT_VERSION = 1;
				FRAMEWORK_VERSION = A;
				GCC_DYNAMIC_NO_PIC = NO;
				GCC_ENABLE_FIX_AND_CONTINUE = YES;
				GCC_MODEL_TUNING = G5;
				GCC_OPTIMIZATION_LEVEL = 0;
				GCC_PRECOMPILE_PREFIX_HEADER = YES;
				GCC_PREFIX_HEADER = STNPostgreSQL_Prefix.pch;
				HEADER_SEARCH_PATHS = "$(inherited)";
				INFOPLIST_FILE = Info.plist;
				INSTALL_PATH = "$(HOME)/Library/Frameworks";
				LIBRARY_SEARCH_PATHS = (
					"$(inherited)",
					"$(LIBRARY_SEARCH_PATHS_QUOTED_1)",
					"$(LIBRARY_SEARCH_PATHS_QUOTED_1)",
				);
				LIBRARY_SEARCH_PATHS_QUOTED_1 = "\"$(SRCROOT)/build\"";
				PRODUCT_NAME = STNPostgreSQL;
				WRAPPER_EXTENSION = framework;
				ZERO_LINK = NO;
			};
			name = Debug;
		};
		1DEB91AF08733DA50010E9CD /* Release */ = {
			isa = XCBuildConfiguration;
			buildSettings = {
				ARCHS = (
					ppc,
					i386,
				);
				DYLIB_COMPATIBILITY_VERSION = 1;
				DYLIB_CURRENT_VERSION = 1;
				FRAMEWORK_VERSION = A;
				GCC_GENERATE_DEBUGGING_SYMBOLS = NO;
				GCC_MODEL_TUNING = G5;
				GCC_PRECOMPILE_PREFIX_HEADER = YES;
				GCC_PREFIX_HEADER = STNPostgreSQL_Prefix.pch;
				HEADER_SEARCH_PATHS = "$(inherited)";
				INFOPLIST_FILE = Info.plist;
				INSTALL_PATH = "$(HOME)/Library/Frameworks";
				LIBRARY_SEARCH_PATHS = (
					"$(inherited)",
					"$(LIBRARY_SEARCH_PATHS_QUOTED_1)",
					"$(LIBRARY_SEARCH_PATHS_QUOTED_2)",
				);
				LIBRARY_SEARCH_PATHS_QUOTED_1 = "\"$(SRCROOT)/postgresql/build\"";
				LIBRARY_SEARCH_PATHS_QUOTED_2 = "\"$(SRCROOT)/build\"";
				PRODUCT_NAME = STNPostgreSQL;
				WRAPPER_EXTENSION = framework;
			};
			name = Release;
		};
		1DEB91B208733DA50010E9CD /* Debug */ = {
			isa = XCBuildConfiguration;
			buildSettings = {
				GCC_ENABLE_OBJC_EXCEPTIONS = YES;
				GCC_PREPROCESSOR_DEFINITIONS = (
					"$(GCC_PREPROCESSOR_DEFINITIONS_QUOTED_1)",
					"POSTGRESQL_INT_VERSION=80203",
					"$(GCC_PREPROCESSOR_DEFINITIONS_QUOTED_2)",
					"$(GCC_PREPROCESSOR_DEFINITIONS_QUOTED_3)",
					"$(GCC_PREPROCESSOR_DEFINITIONS_QUOTED_4)",
					"$(GCC_PREPROCESSOR_DEFINITIONS_QUOTED_5)",
					"$(GCC_PREPROCESSOR_DEFINITIONS_QUOTED_6)",
				);
				GCC_PREPROCESSOR_DEFINITIONS_QUOTED_1 = "POSTGRESQL_VERSION=\\\"8.2.3\\\"";
				GCC_PREPROCESSOR_DEFINITIONS_QUOTED_2 = "UT_USERNAME=\\\"sst\\\"";
				GCC_PREPROCESSOR_DEFINITIONS_QUOTED_3 = "UT_PASSWD=\\\"\\\"";
				GCC_PREPROCESSOR_DEFINITIONS_QUOTED_4 = "UT_DATABASE=\\\"postgres\\\"";
				GCC_PREPROCESSOR_DEFINITIONS_QUOTED_5 = "UT_HOST=\\\"localhost\\\"";
				GCC_PREPROCESSOR_DEFINITIONS_QUOTED_6 = "UT_PORT=\\\"5432\\\"";
				GCC_WARN_ABOUT_RETURN_TYPE = YES;
				GCC_WARN_UNUSED_VARIABLE = YES;
				HEADER_SEARCH_PATHS = (
					"$(HEADER_SEARCH_PATHS_QUOTED_1)",
					"$(HEADER_SEARCH_PATHS_QUOTED_2)",
				);
				HEADER_SEARCH_PATHS_QUOTED_1 = "\"$POSTGRESQL_SRC_DIR/src/interfaces/libpq/\"";
				HEADER_SEARCH_PATHS_QUOTED_2 = "\"$POSTGRESQL_SRC_DIR/src/include/\"";
				LIBRARY_SEARCH_PATHS = (
					$POSTGRESQL_SRC_DIR/build,
					"$(inherited)",
				);
				POSTGRESQL_SRC_DIR = "/Users/sst/Downloads/postgresql-8.2.4";
				PREBINDING = NO;
				SDKROOT = /Developer/SDKs/MacOSX10.4u.sdk;
			};
			name = Debug;
		};
		1DEB91B308733DA50010E9CD /* Release */ = {
			isa = XCBuildConfiguration;
			buildSettings = {
				GCC_ENABLE_OBJC_EXCEPTIONS = YES;
				GCC_PREPROCESSOR_DEFINITIONS = (
					"$(GCC_PREPROCESSOR_DEFINITIONS_QUOTED_1)",
					"POSTGRESQL_INT_VERSION=80203",
					"$(GCC_PREPROCESSOR_DEFINITIONS_QUOTED_2)",
					"$(GCC_PREPROCESSOR_DEFINITIONS_QUOTED_3)",
					"$(GCC_PREPROCESSOR_DEFINITIONS_QUOTED_4)",
					"$(GCC_PREPROCESSOR_DEFINITIONS_QUOTED_5)",
					"$(GCC_PREPROCESSOR_DEFINITIONS_QUOTED_6)",
				);
				GCC_PREPROCESSOR_DEFINITIONS_QUOTED_1 = "POSTGRESQL_VERSION=\\\"8.2.3\\\"";
				GCC_PREPROCESSOR_DEFINITIONS_QUOTED_2 = "UT_USERNAME=\\\"sst\\\"";
				GCC_PREPROCESSOR_DEFINITIONS_QUOTED_3 = "UT_PASSWD=\\\"\\\"";
				GCC_PREPROCESSOR_DEFINITIONS_QUOTED_4 = "UT_DATABASE=\\\"postgres\\\"";
				GCC_PREPROCESSOR_DEFINITIONS_QUOTED_5 = "UT_HOST=\\\"localhost\\\"";
				GCC_PREPROCESSOR_DEFINITIONS_QUOTED_6 = "UT_PORT=\\\"5432\\\"";
				GCC_WARN_ABOUT_RETURN_TYPE = YES;
				GCC_WARN_UNUSED_VARIABLE = YES;
				HEADER_SEARCH_PATHS = (
					"$(HEADER_SEARCH_PATHS_QUOTED_3)",
					"$(HEADER_SEARCH_PATHS_QUOTED_4)",
				);
				HEADER_SEARCH_PATHS_QUOTED_1 = "\"/Users/sst/Xcode Projects/STNPostgreSQL/postgresql/src/include\"";
				HEADER_SEARCH_PATHS_QUOTED_2 = "\"/Users/sst/Xcode Projects/STNPostgreSQL/postgresql/src/interfaces/libpq\"";
				HEADER_SEARCH_PATHS_QUOTED_3 = "\"$POSTGRESQL_SRC_DIR/src/interfaces/libpq/\"";
				HEADER_SEARCH_PATHS_QUOTED_4 = "\"$POSTGRESQL_SRC_DIR/src/include/\"";
				POSTGRESQL_SRC_DIR = "/Users/sst/Downloads/postgresql-8.2.4";
				PREBINDING = NO;
				SDKROOT = /Developer/SDKs/MacOSX10.4u.sdk;
			};
			name = Release;
		};
/* End XCBuildConfiguration section */

/* Begin XCConfigurationList section */
		1C0E3A270AE42EAB0052A499 /* Build configuration list for PBXAggregateTarget "libpq - ppc" */ = {
			isa = XCConfigurationList;
			buildConfigurations = (
				1C0E3A280AE42EAB0052A499 /* Debug */,
				1C0E3A290AE42EAB0052A499 /* Release */,
			);
			defaultConfigurationIsVisible = 0;
			defaultConfigurationName = Release;
		};
		1C0E3A400AE42EFB0052A499 /* Build configuration list for PBXAggregateTarget "libpq - i386" */ = {
			isa = XCConfigurationList;
			buildConfigurations = (
				1C0E3A410AE42EFB0052A499 /* Debug */,
				1C0E3A420AE42EFB0052A499 /* Release */,
			);
			defaultConfigurationIsVisible = 0;
			defaultConfigurationName = Release;
		};
		1C0E3A920AE42F660052A499 /* Build configuration list for PBXAggregateTarget "libpq - universal" */ = {
			isa = XCConfigurationList;
			buildConfigurations = (
				1C0E3A930AE42F660052A499 /* Debug */,
				1C0E3A940AE42F660052A499 /* Release */,
			);
			defaultConfigurationIsVisible = 0;
			defaultConfigurationName = Release;
		};
		1C3A35990B4C5E590063ADDC /* Build configuration list for PBXNativeTarget "Playground" */ = {
			isa = XCConfigurationList;
			buildConfigurations = (
				1C3A359A0B4C5E590063ADDC /* Debug */,
				1C3A359B0B4C5E590063ADDC /* Release */,
			);
			defaultConfigurationIsVisible = 0;
			defaultConfigurationName = Release;
		};
		1C771BD20B62C7B0003CD21C /* Build configuration list for PBXNativeTarget "Unit Tests" */ = {
			isa = XCConfigurationList;
			buildConfigurations = (
				1C771BD30B62C7B0003CD21C /* Debug */,
				1C771BD40B62C7B0003CD21C /* Release */,
			);
			defaultConfigurationIsVisible = 0;
			defaultConfigurationName = Release;
		};
		1DEB91AD08733DA50010E9CD /* Build configuration list for PBXNativeTarget "STNPostgreSQL" */ = {
			isa = XCConfigurationList;
			buildConfigurations = (
				1DEB91AE08733DA50010E9CD /* Debug */,
				1DEB91AF08733DA50010E9CD /* Release */,
			);
			defaultConfigurationIsVisible = 0;
			defaultConfigurationName = Release;
		};
		1DEB91B108733DA50010E9CD /* Build configuration list for PBXProject "STNPostgreSQL" */ = {
			isa = XCConfigurationList;
			buildConfigurations = (
				1DEB91B208733DA50010E9CD /* Debug */,
				1DEB91B308733DA50010E9CD /* Release */,
			);
			defaultConfigurationIsVisible = 0;
			defaultConfigurationName = Release;
		};
/* End XCConfigurationList section */
	};
	rootObject = 0867D690FE84028FC02AAC07 /* Project object */;
}
